// !$*UTF8*$!
{
	archiveVersion = 1;
	classes = {
	};
	objectVersion = 50;
	objects = {

/* Begin PBXBuildFile section */
		124FD4ED221DBFEB0096770F /* AppDelegate.swift in Sources */ = {isa = PBXBuildFile; fileRef = 124FD4EC221DBFEB0096770F /* AppDelegate.swift */; };
		124FD4F2221DBFEB0096770F /* Main.storyboard in Resources */ = {isa = PBXBuildFile; fileRef = 124FD4F0221DBFEB0096770F /* Main.storyboard */; };
		124FD4F4221DBFEB0096770F /* Assets.xcassets in Resources */ = {isa = PBXBuildFile; fileRef = 124FD4F3221DBFEB0096770F /* Assets.xcassets */; };
		124FD4F7221DBFEB0096770F /* LaunchScreen.storyboard in Resources */ = {isa = PBXBuildFile; fileRef = 124FD4F5221DBFEB0096770F /* LaunchScreen.storyboard */; };
		124FD500221E99AC0096770F /* Model.xcdatamodeld in Sources */ = {isa = PBXBuildFile; fileRef = 124FD4FE221E99AC0096770F /* Model.xcdatamodeld */; };
		124FD523221E9D820096770F /* ToDoTableViewController.swift in Sources */ = {isa = PBXBuildFile; fileRef = 124FD522221E9D820096770F /* ToDoTableViewController.swift */; };
		124FD525221E9E500096770F /* ToDo.swift in Sources */ = {isa = PBXBuildFile; fileRef = 124FD524221E9E500096770F /* ToDo.swift */; };
		124FD528221E9FBB0096770F /* ToDoViewModel.swift in Sources */ = {isa = PBXBuildFile; fileRef = 124FD527221E9FBB0096770F /* ToDoViewModel.swift */; };
		124FD52C221EA8EE0096770F /* CreateViewController.swift in Sources */ = {isa = PBXBuildFile; fileRef = 124FD52B221EA8EE0096770F /* CreateViewController.swift */; };
		124FD52E221EAA150096770F /* CreateViewModel.swift in Sources */ = {isa = PBXBuildFile; fileRef = 124FD52D221EAA150096770F /* CreateViewModel.swift */; };
		124FD536221EB0960096770F /* ToDosArray.swift in Sources */ = {isa = PBXBuildFile; fileRef = 124FD535221EB0960096770F /* ToDosArray.swift */; };
/* End PBXBuildFile section */

/* Begin PBXFileReference section */
		124FD4E9221DBFEB0096770F /* TaylorsToDos.app */ = {isa = PBXFileReference; explicitFileType = wrapper.application; includeInIndex = 0; path = TaylorsToDos.app; sourceTree = BUILT_PRODUCTS_DIR; };
		124FD4EC221DBFEB0096770F /* AppDelegate.swift */ = {isa = PBXFileReference; lastKnownFileType = sourcecode.swift; path = AppDelegate.swift; sourceTree = "<group>"; };
		124FD4F1221DBFEB0096770F /* Base */ = {isa = PBXFileReference; lastKnownFileType = file.storyboard; name = Base; path = Base.lproj/Main.storyboard; sourceTree = "<group>"; };
		124FD4F3221DBFEB0096770F /* Assets.xcassets */ = {isa = PBXFileReference; lastKnownFileType = folder.assetcatalog; path = Assets.xcassets; sourceTree = "<group>"; };
		124FD4F6221DBFEB0096770F /* Base */ = {isa = PBXFileReference; lastKnownFileType = file.storyboard; name = Base; path = Base.lproj/LaunchScreen.storyboard; sourceTree = "<group>"; };
		124FD4F8221DBFEB0096770F /* Info.plist */ = {isa = PBXFileReference; lastKnownFileType = text.plist.xml; path = Info.plist; sourceTree = "<group>"; };
		124FD4FF221E99AC0096770F /* CoreDataModel.xcdatamodel */ = {isa = PBXFileReference; lastKnownFileType = wrapper.xcdatamodel; path = CoreDataModel.xcdatamodel; sourceTree = "<group>"; };
		124FD522221E9D820096770F /* ToDoTableViewController.swift */ = {isa = PBXFileReference; lastKnownFileType = sourcecode.swift; path = ToDoTableViewController.swift; sourceTree = "<group>"; };
		124FD524221E9E500096770F /* ToDo.swift */ = {isa = PBXFileReference; lastKnownFileType = sourcecode.swift; path = ToDo.swift; sourceTree = "<group>"; };
		124FD527221E9FBB0096770F /* ToDoViewModel.swift */ = {isa = PBXFileReference; lastKnownFileType = sourcecode.swift; path = ToDoViewModel.swift; sourceTree = "<group>"; };
		124FD52B221EA8EE0096770F /* CreateViewController.swift */ = {isa = PBXFileReference; lastKnownFileType = sourcecode.swift; path = CreateViewController.swift; sourceTree = "<group>"; };
		124FD52D221EAA150096770F /* CreateViewModel.swift */ = {isa = PBXFileReference; lastKnownFileType = sourcecode.swift; path = CreateViewModel.swift; sourceTree = "<group>"; };
		124FD535221EB0960096770F /* ToDosArray.swift */ = {isa = PBXFileReference; lastKnownFileType = sourcecode.swift; path = ToDosArray.swift; sourceTree = "<group>"; };
/* End PBXFileReference section */

/* Begin PBXFrameworksBuildPhase section */
		124FD4E6221DBFEB0096770F /* Frameworks */ = {
			isa = PBXFrameworksBuildPhase;
			buildActionMask = 2147483647;
			files = (
			);
			runOnlyForDeploymentPostprocessing = 0;
		};
/* End PBXFrameworksBuildPhase section */

/* Begin PBXGroup section */
		124FD4E0221DBFEB0096770F = {
			isa = PBXGroup;
			children = (
				124FD4EB221DBFEB0096770F /* TaylorsToDos */,
				124FD4EA221DBFEB0096770F /* Products */,
			);
			sourceTree = "<group>";
		};
		124FD4EA221DBFEB0096770F /* Products */ = {
			isa = PBXGroup;
			children = (
				124FD4E9221DBFEB0096770F /* TaylorsToDos.app */,
			);
			name = Products;
			sourceTree = "<group>";
		};
		124FD4EB221DBFEB0096770F /* TaylorsToDos */ = {
			isa = PBXGroup;
			children = (
				124FD52A221EA57F0096770F /* ViewController */,
				124FD529221E9FD40096770F /* View Model */,
				124FD526221E9FA50096770F /* Model */,
				124FD4F0221DBFEB0096770F /* Main.storyboard */,
				124FD4F3221DBFEB0096770F /* Assets.xcassets */,
				124FD4F5221DBFEB0096770F /* LaunchScreen.storyboard */,
				124FD4F8221DBFEB0096770F /* Info.plist */,
			);
			path = TaylorsToDos;
			sourceTree = "<group>";
		};
		124FD526221E9FA50096770F /* Model */ = {
			isa = PBXGroup;
			children = (
				124FD524221E9E500096770F /* ToDo.swift */,
				124FD4FE221E99AC0096770F /* Model.xcdatamodeld */,
				124FD535221EB0960096770F /* ToDosArray.swift */,
			);
			path = Model;
			sourceTree = "<group>";
		};
		124FD529221E9FD40096770F /* View Model */ = {
			isa = PBXGroup;
			children = (
				124FD527221E9FBB0096770F /* ToDoViewModel.swift */,
				124FD52D221EAA150096770F /* CreateViewModel.swift */,
			);
			path = "View Model";
			sourceTree = "<group>";
		};
		124FD52A221EA57F0096770F /* ViewController */ = {
			isa = PBXGroup;
			children = (
				124FD4EC221DBFEB0096770F /* AppDelegate.swift */,
				124FD522221E9D820096770F /* ToDoTableViewController.swift */,
				124FD52B221EA8EE0096770F /* CreateViewController.swift */,
			);
			path = ViewController;
			sourceTree = "<group>";
		};
/* End PBXGroup section */

/* Begin PBXNativeTarget section */
		124FD4E8221DBFEB0096770F /* TaylorsToDos */ = {
			isa = PBXNativeTarget;
			buildConfigurationList = 124FD4FB221DBFEB0096770F /* Build configuration list for PBXNativeTarget "TaylorsToDos" */;
			buildPhases = (
				124FD4E5221DBFEB0096770F /* Sources */,
				124FD4E6221DBFEB0096770F /* Frameworks */,
				124FD4E7221DBFEB0096770F /* Resources */,
			);
			buildRules = (
			);
			dependencies = (
			);
			name = TaylorsToDos;
			productName = TaylorsToDos;
			productReference = 124FD4E9221DBFEB0096770F /* TaylorsToDos.app */;
			productType = "com.apple.product-type.application";
		};
/* End PBXNativeTarget section */

/* Begin PBXProject section */
		124FD4E1221DBFEB0096770F /* Project object */ = {
			isa = PBXProject;
			attributes = {
				LastSwiftUpdateCheck = 1010;
				LastUpgradeCheck = 1010;
				ORGANIZATIONNAME = "Taylor Lindsay at Babbel";
				TargetAttributes = {
					124FD4E8221DBFEB0096770F = {
						CreatedOnToolsVersion = 10.1;
					};
				};
			};
			buildConfigurationList = 124FD4E4221DBFEB0096770F /* Build configuration list for PBXProject "TaylorsToDos" */;
			compatibilityVersion = "Xcode 9.3";
			developmentRegion = en;
			hasScannedForEncodings = 0;
			knownRegions = (
				en,
				Base,
			);
			mainGroup = 124FD4E0221DBFEB0096770F;
			productRefGroup = 124FD4EA221DBFEB0096770F /* Products */;
			projectDirPath = "";
			projectRoot = "";
			targets = (
				124FD4E8221DBFEB0096770F /* TaylorsToDos */,
			);
		};
/* End PBXProject section */

/* Begin PBXResourcesBuildPhase section */
		124FD4E7221DBFEB0096770F /* Resources */ = {
			isa = PBXResourcesBuildPhase;
			buildActionMask = 2147483647;
			files = (
				124FD4F7221DBFEB0096770F /* LaunchScreen.storyboard in Resources */,
				124FD4F4221DBFEB0096770F /* Assets.xcassets in Resources */,
				124FD4F2221DBFEB0096770F /* Main.storyboard in Resources */,
			);
			runOnlyForDeploymentPostprocessing = 0;
		};
/* End PBXResourcesBuildPhase section */

/* Begin PBXSourcesBuildPhase section */
		124FD4E5221DBFEB0096770F /* Sources */ = {
			isa = PBXSourcesBuildPhase;
			buildActionMask = 2147483647;
			files = (
				124FD52E221EAA150096770F /* CreateViewModel.swift in Sources */,
				124FD528221E9FBB0096770F /* ToDoViewModel.swift in Sources */,
				124FD4ED221DBFEB0096770F /* AppDelegate.swift in Sources */,
				124FD536221EB0960096770F /* ToDosArray.swift in Sources */,
				124FD52C221EA8EE0096770F /* CreateViewController.swift in Sources */,
				124FD523221E9D820096770F /* ToDoTableViewController.swift in Sources */,
				124FD500221E99AC0096770F /* Model.xcdatamodeld in Sources */,
				124FD525221E9E500096770F /* ToDo.swift in Sources */,
			);
			runOnlyForDeploymentPostprocessing = 0;
		};
/* End PBXSourcesBuildPhase section */

/* Begin PBXVariantGroup section */
		124FD4F0221DBFEB0096770F /* Main.storyboard */ = {
			isa = PBXVariantGroup;
			children = (
				124FD4F1221DBFEB0096770F /* Base */,
			);
			name = Main.storyboard;
			sourceTree = "<group>";
		};
		124FD4F5221DBFEB0096770F /* LaunchScreen.storyboard */ = {
			isa = PBXVariantGroup;
			children = (
				124FD4F6221DBFEB0096770F /* Base */,
			);
			name = LaunchScreen.storyboard;
			sourceTree = "<group>";
		};
/* End PBXVariantGroup section */

/* Begin XCBuildConfiguration section */
		124FD4F9221DBFEB0096770F /* Debug */ = {
			isa = XCBuildConfiguration;
			buildSettings = {
				ALWAYS_SEARCH_USER_PATHS = NO;
				CLANG_ANALYZER_NONNULL = YES;
				CLANG_ANALYZER_NUMBER_OBJECT_CONVERSION = YES_AGGRESSIVE;
				CLANG_CXX_LANGUAGE_STANDARD = "gnu++14";
				CLANG_CXX_LIBRARY = "libc++";
				CLANG_ENABLE_MODULES = YES;
				CLANG_ENABLE_OBJC_ARC = YES;
				CLANG_ENABLE_OBJC_WEAK = YES;
				CLANG_WARN_BLOCK_CAPTURE_AUTORELEASING = YES;
				CLANG_WARN_BOOL_CONVERSION = YES;
				CLANG_WARN_COMMA = YES;
				CLANG_WARN_CONSTANT_CONVERSION = YES;
				CLANG_WARN_DEPRECATED_OBJC_IMPLEMENTATIONS = YES;
				CLANG_WARN_DIRECT_OBJC_ISA_USAGE = YES_ERROR;
				CLANG_WARN_DOCUMENTATION_COMMENTS = YES;
				CLANG_WARN_EMPTY_BODY = YES;
				CLANG_WARN_ENUM_CONVERSION = YES;
				CLANG_WARN_INFINITE_RECURSION = YES;
				CLANG_WARN_INT_CONVERSION = YES;
				CLANG_WARN_NON_LITERAL_NULL_CONVERSION = YES;
				CLANG_WARN_OBJC_IMPLICIT_RETAIN_SELF = YES;
				CLANG_WARN_OBJC_LITERAL_CONVERSION = YES;
				CLANG_WARN_OBJC_ROOT_CLASS = YES_ERROR;
				CLANG_WARN_RANGE_LOOP_ANALYSIS = YES;
				CLANG_WARN_STRICT_PROTOTYPES = YES;
				CLANG_WARN_SUSPICIOUS_MOVE = YES;
				CLANG_WARN_UNGUARDED_AVAILABILITY = YES_AGGRESSIVE;
				CLANG_WARN_UNREACHABLE_CODE = YES;
				CLANG_WARN__DUPLICATE_METHOD_MATCH = YES;
				CODE_SIGN_IDENTITY = "iPhone Developer";
				COPY_PHASE_STRIP = NO;
				DEBUG_INFORMATION_FORMAT = dwarf;
				ENABLE_STRICT_OBJC_MSGSEND = YES;
				ENABLE_TESTABILITY = YES;
				GCC_C_LANGUAGE_STANDARD = gnu11;
				GCC_DYNAMIC_NO_PIC = NO;
				GCC_NO_COMMON_BLOCKS = YES;
				GCC_OPTIMIZATION_LEVEL = 0;
				GCC_PREPROCESSOR_DEFINITIONS = (
					"DEBUG=1",
					"$(inherited)",
				);
				GCC_WARN_64_TO_32_BIT_CONVERSION = YES;
				GCC_WARN_ABOUT_RETURN_TYPE = YES_ERROR;
				GCC_WARN_UNDECLARED_SELECTOR = YES;
				GCC_WARN_UNINITIALIZED_AUTOS = YES_AGGRESSIVE;
				GCC_WARN_UNUSED_FUNCTION = YES;
				GCC_WARN_UNUSED_VARIABLE = YES;
				IPHONEOS_DEPLOYMENT_TARGET = 12.1;
				MTL_ENABLE_DEBUG_INFO = INCLUDE_SOURCE;
				MTL_FAST_MATH = YES;
				ONLY_ACTIVE_ARCH = YES;
				SDKROOT = iphoneos;
				SWIFT_ACTIVE_COMPILATION_CONDITIONS = DEBUG;
				SWIFT_OPTIMIZATION_LEVEL = "-Onone";
			};
			name = Debug;
		};
		124FD4FA221DBFEB0096770F /* Release */ = {
			isa = XCBuildConfiguration;
			buildSettings = {
				ALWAYS_SEARCH_USER_PATHS = NO;
				CLANG_ANALYZER_NONNULL = YES;
				CLANG_ANALYZER_NUMBER_OBJECT_CONVERSION = YES_AGGRESSIVE;
				CLANG_CXX_LANGUAGE_STANDARD = "gnu++14";
				CLANG_CXX_LIBRARY = "libc++";
				CLANG_ENABLE_MODULES = YES;
				CLANG_ENABLE_OBJC_ARC = YES;
				CLANG_ENABLE_OBJC_WEAK = YES;
				CLANG_WARN_BLOCK_CAPTURE_AUTORELEASING = YES;
				CLANG_WARN_BOOL_CONVERSION = YES;
				CLANG_WARN_COMMA = YES;
				CLANG_WARN_CONSTANT_CONVERSION = YES;
				CLANG_WARN_DEPRECATED_OBJC_IMPLEMENTATIONS = YES;
				CLANG_WARN_DIRECT_OBJC_ISA_USAGE = YES_ERROR;
				CLANG_WARN_DOCUMENTATION_COMMENTS = YES;
				CLANG_WARN_EMPTY_BODY = YES;
				CLANG_WARN_ENUM_CONVERSION = YES;
				CLANG_WARN_INFINITE_RECURSION = YES;
				CLANG_WARN_INT_CONVERSION = YES;
				CLANG_WARN_NON_LITERAL_NULL_CONVERSION = YES;
				CLANG_WARN_OBJC_IMPLICIT_RETAIN_SELF = YES;
				CLANG_WARN_OBJC_LITERAL_CONVERSION = YES;
				CLANG_WARN_OBJC_ROOT_CLASS = YES_ERROR;
				CLANG_WARN_RANGE_LOOP_ANALYSIS = YES;
				CLANG_WARN_STRICT_PROTOTYPES = YES;
				CLANG_WARN_SUSPICIOUS_MOVE = YES;
				CLANG_WARN_UNGUARDED_AVAILABILITY = YES_AGGRESSIVE;
				CLANG_WARN_UNREACHABLE_CODE = YES;
				CLANG_WARN__DUPLICATE_METHOD_MATCH = YES;
				CODE_SIGN_IDENTITY = "iPhone Developer";
				COPY_PHASE_STRIP = NO;
				DEBUG_INFORMATION_FORMAT = "dwarf-with-dsym";
				ENABLE_NS_ASSERTIONS = NO;
				ENABLE_STRICT_OBJC_MSGSEND = YES;
				GCC_C_LANGUAGE_STANDARD = gnu11;
				GCC_NO_COMMON_BLOCKS = YES;
				GCC_WARN_64_TO_32_BIT_CONVERSION = YES;
				GCC_WARN_ABOUT_RETURN_TYPE = YES_ERROR;
				GCC_WARN_UNDECLARED_SELECTOR = YES;
				GCC_WARN_UNINITIALIZED_AUTOS = YES_AGGRESSIVE;
				GCC_WARN_UNUSED_FUNCTION = YES;
				GCC_WARN_UNUSED_VARIABLE = YES;
				IPHONEOS_DEPLOYMENT_TARGET = 12.1;
				MTL_ENABLE_DEBUG_INFO = NO;
				MTL_FAST_MATH = YES;
				SDKROOT = iphoneos;
				SWIFT_COMPILATION_MODE = wholemodule;
				SWIFT_OPTIMIZATION_LEVEL = "-O";
				VALIDATE_PRODUCT = YES;
			};
			name = Release;
		};
		124FD4FC221DBFEB0096770F /* Debug */ = {
			isa = XCBuildConfiguration;
			buildSettings = {
				ASSETCATALOG_COMPILER_APPICON_NAME = AppIcon;
				CODE_SIGN_STYLE = Manual;
				DEVELOPMENT_TEAM = 7248DZM5YC;
				INFOPLIST_FILE = TaylorsToDos/Info.plist;
				LD_RUNPATH_SEARCH_PATHS = (
					"$(inherited)",
					"@executable_path/Frameworks",
				);
				PRODUCT_BUNDLE_IDENTIFIER = com.babbel.TaylorsToDos;
				PRODUCT_NAME = "$(TARGET_NAME)";
				PROVISIONING_PROFILE_SPECIFIER = com.babbel.TaylorsToDos.development;
				SWIFT_VERSION = 4.2;
				TARGETED_DEVICE_FAMILY = "1,2";
			};
			name = Debug;
		};
		124FD4FD221DBFEB0096770F /* Release */ = {
			isa = XCBuildConfiguration;
			buildSettings = {
				ASSETCATALOG_COMPILER_APPICON_NAME = AppIcon;
				CODE_SIGN_STYLE = Manual;
				DEVELOPMENT_TEAM = 7248DZM5YC;
				INFOPLIST_FILE = TaylorsToDos/Info.plist;
				LD_RUNPATH_SEARCH_PATHS = (
					"$(inherited)",
					"@executable_path/Frameworks",
				);
				PRODUCT_BUNDLE_IDENTIFIER = com.babbel.TaylorsToDos;
				PRODUCT_NAME = "$(TARGET_NAME)";
				PROVISIONING_PROFILE_SPECIFIER = com.babbel.TaylorsToDos.development;
				SWIFT_VERSION = 4.2;
				TARGETED_DEVICE_FAMILY = "1,2";
			};
			name = Release;
		};
/* End XCBuildConfiguration section */

/* Begin XCConfigurationList section */
		124FD4E4221DBFEB0096770F /* Build configuration list for PBXProject "TaylorsToDos" */ = {
			isa = XCConfigurationList;
			buildConfigurations = (
				124FD4F9221DBFEB0096770F /* Debug */,
				124FD4FA221DBFEB0096770F /* Release */,
			);
			defaultConfigurationIsVisible = 0;
			defaultConfigurationName = Release;
		};
		124FD4FB221DBFEB0096770F /* Build configuration list for PBXNativeTarget "TaylorsToDos" */ = {
			isa = XCConfigurationList;
			buildConfigurations = (
				124FD4FC221DBFEB0096770F /* Debug */,
				124FD4FD221DBFEB0096770F /* Release */,
			);
			defaultConfigurationIsVisible = 0;
			defaultConfigurationName = Release;
		};
/* End XCConfigurationList section */

/* Begin XCVersionGroup section */
		124FD4FE221E99AC0096770F /* Model.xcdatamodeld */ = {
			isa = XCVersionGroup;
			children = (
				124FD4FF221E99AC0096770F /* CoreDataModel.xcdatamodel */,
			);
			currentVersion = 124FD4FF221E99AC0096770F /* CoreDataModel.xcdatamodel */;
			path = Model.xcdatamodeld;
			sourceTree = "<group>";
			versionGroupType = wrapper.xcdatamodel;
		};
/* End XCVersionGroup section */
	};
	rootObject = 124FD4E1221DBFEB0096770F /* Project object */;
}
