// !$*UTF8*$!
{
	archiveVersion = 1;
	classes = {
	};
	objectVersion = 50;
	objects = {

/* Begin PBXBuildFile section */
		1205F7B02223FD50007CB809 /* MakeNewToDoViewController.swift in Sources */ = {isa = PBXBuildFile; fileRef = 1205F7AF2223FD50007CB809 /* MakeNewToDoViewController.swift */; };
		1205F7B22224022C007CB809 /* MakeNewToDoViewModel.swift in Sources */ = {isa = PBXBuildFile; fileRef = 1205F7B12224022C007CB809 /* MakeNewToDoViewModel.swift */; };
		120BB40F2236655300BDAAF1 /* LoadingViewController.swift in Sources */ = {isa = PBXBuildFile; fileRef = 120BB40E2236655300BDAAF1 /* LoadingViewController.swift */; };
		124FD4ED221DBFEB0096770F /* AppDelegate.swift in Sources */ = {isa = PBXBuildFile; fileRef = 124FD4EC221DBFEB0096770F /* AppDelegate.swift */; };
		124FD4F2221DBFEB0096770F /* Main.storyboard in Resources */ = {isa = PBXBuildFile; fileRef = 124FD4F0221DBFEB0096770F /* Main.storyboard */; };
		124FD4F4221DBFEB0096770F /* Assets.xcassets in Resources */ = {isa = PBXBuildFile; fileRef = 124FD4F3221DBFEB0096770F /* Assets.xcassets */; };
		124FD4F7221DBFEB0096770F /* LaunchScreen.storyboard in Resources */ = {isa = PBXBuildFile; fileRef = 124FD4F5221DBFEB0096770F /* LaunchScreen.storyboard */; };
		124FD550221EC1700096770F /* TaylorsToDosTests.swift in Sources */ = {isa = PBXBuildFile; fileRef = 124FD54F221EC1700096770F /* TaylorsToDosTests.swift */; };
		124FD558222009080096770F /* ToDosViewController.swift in Sources */ = {isa = PBXBuildFile; fileRef = 124FD557222009080096770F /* ToDosViewController.swift */; };
		124FD55A222009160096770F /* ToDosViewModel.swift in Sources */ = {isa = PBXBuildFile; fileRef = 124FD559222009150096770F /* ToDosViewModel.swift */; };
		124FD55C222009230096770F /* ToDosDataBase.swift in Sources */ = {isa = PBXBuildFile; fileRef = 124FD55B222009230096770F /* ToDosDataBase.swift */; };
		124FD55E22200F590096770F /* ToDo.swift in Sources */ = {isa = PBXBuildFile; fileRef = 124FD55D22200F590096770F /* ToDo.swift */; };
		7E62E13DA884B6469D88AEFD /* Pods_TaylorsToDosTests.framework in Frameworks */ = {isa = PBXBuildFile; fileRef = 07832888A5D5A635972BE417 /* Pods_TaylorsToDosTests.framework */; };
		AAD97DF6097A903C206C239C /* Pods_TaylorsToDos.framework in Frameworks */ = {isa = PBXBuildFile; fileRef = 2DC60381401D49E9153B3CD2 /* Pods_TaylorsToDos.framework */; };
/* End PBXBuildFile section */

/* Begin PBXContainerItemProxy section */
		124FD552221EC1700096770F /* PBXContainerItemProxy */ = {
			isa = PBXContainerItemProxy;
			containerPortal = 124FD4E1221DBFEB0096770F /* Project object */;
			proxyType = 1;
			remoteGlobalIDString = 124FD4E8221DBFEB0096770F;
			remoteInfo = TaylorsToDos;
		};
/* End PBXContainerItemProxy section */

/* Begin PBXFileReference section */
		07832888A5D5A635972BE417 /* Pods_TaylorsToDosTests.framework */ = {isa = PBXFileReference; explicitFileType = wrapper.framework; includeInIndex = 0; path = Pods_TaylorsToDosTests.framework; sourceTree = BUILT_PRODUCTS_DIR; };
		12011A8031BE6D8A9515A38E /* Pods-TaylorsToDos.release.xcconfig */ = {isa = PBXFileReference; includeInIndex = 1; lastKnownFileType = text.xcconfig; name = "Pods-TaylorsToDos.release.xcconfig"; path = "Target Support Files/Pods-TaylorsToDos/Pods-TaylorsToDos.release.xcconfig"; sourceTree = "<group>"; };
		1205F7AF2223FD50007CB809 /* MakeNewToDoViewController.swift */ = {isa = PBXFileReference; lastKnownFileType = sourcecode.swift; path = MakeNewToDoViewController.swift; sourceTree = "<group>"; };
		1205F7B12224022C007CB809 /* MakeNewToDoViewModel.swift */ = {isa = PBXFileReference; lastKnownFileType = sourcecode.swift; path = MakeNewToDoViewModel.swift; sourceTree = "<group>"; };
		120BB40E2236655300BDAAF1 /* LoadingViewController.swift */ = {isa = PBXFileReference; lastKnownFileType = sourcecode.swift; path = LoadingViewController.swift; sourceTree = "<group>"; };
		124FD4E9221DBFEB0096770F /* TaylorsToDos.app */ = {isa = PBXFileReference; explicitFileType = wrapper.application; includeInIndex = 0; path = TaylorsToDos.app; sourceTree = BUILT_PRODUCTS_DIR; };
		124FD4EC221DBFEB0096770F /* AppDelegate.swift */ = {isa = PBXFileReference; lastKnownFileType = sourcecode.swift; path = AppDelegate.swift; sourceTree = "<group>"; };
		124FD4F1221DBFEB0096770F /* Base */ = {isa = PBXFileReference; lastKnownFileType = file.storyboard; name = Base; path = Base.lproj/Main.storyboard; sourceTree = "<group>"; };
		124FD4F3221DBFEB0096770F /* Assets.xcassets */ = {isa = PBXFileReference; lastKnownFileType = folder.assetcatalog; path = Assets.xcassets; sourceTree = "<group>"; };
		124FD4F6221DBFEB0096770F /* Base */ = {isa = PBXFileReference; lastKnownFileType = file.storyboard; name = Base; path = Base.lproj/LaunchScreen.storyboard; sourceTree = "<group>"; };
		124FD4F8221DBFEB0096770F /* Info.plist */ = {isa = PBXFileReference; lastKnownFileType = text.plist.xml; path = Info.plist; sourceTree = "<group>"; };
		124FD54D221EC1700096770F /* TaylorsToDosTests.xctest */ = {isa = PBXFileReference; explicitFileType = wrapper.cfbundle; includeInIndex = 0; path = TaylorsToDosTests.xctest; sourceTree = BUILT_PRODUCTS_DIR; };
		124FD54F221EC1700096770F /* TaylorsToDosTests.swift */ = {isa = PBXFileReference; lastKnownFileType = sourcecode.swift; path = TaylorsToDosTests.swift; sourceTree = "<group>"; };
		124FD551221EC1700096770F /* Info.plist */ = {isa = PBXFileReference; lastKnownFileType = text.plist.xml; path = Info.plist; sourceTree = "<group>"; };
		124FD557222009080096770F /* ToDosViewController.swift */ = {isa = PBXFileReference; lastKnownFileType = sourcecode.swift; path = ToDosViewController.swift; sourceTree = "<group>"; };
		124FD559222009150096770F /* ToDosViewModel.swift */ = {isa = PBXFileReference; lastKnownFileType = sourcecode.swift; path = ToDosViewModel.swift; sourceTree = "<group>"; };
		124FD55B222009230096770F /* ToDosDataBase.swift */ = {isa = PBXFileReference; lastKnownFileType = sourcecode.swift; path = ToDosDataBase.swift; sourceTree = "<group>"; };
		124FD55D22200F590096770F /* ToDo.swift */ = {isa = PBXFileReference; lastKnownFileType = sourcecode.swift; path = ToDo.swift; sourceTree = "<group>"; };
		2DC60381401D49E9153B3CD2 /* Pods_TaylorsToDos.framework */ = {isa = PBXFileReference; explicitFileType = wrapper.framework; includeInIndex = 0; path = Pods_TaylorsToDos.framework; sourceTree = BUILT_PRODUCTS_DIR; };
		42AF7B2A255F0D117CF27E43 /* Pods-TaylorsToDosTests.debug.xcconfig */ = {isa = PBXFileReference; includeInIndex = 1; lastKnownFileType = text.xcconfig; name = "Pods-TaylorsToDosTests.debug.xcconfig"; path = "Target Support Files/Pods-TaylorsToDosTests/Pods-TaylorsToDosTests.debug.xcconfig"; sourceTree = "<group>"; };
		900E067FAB552DC6FBA0AF76 /* Pods-TaylorsToDos.debug.xcconfig */ = {isa = PBXFileReference; includeInIndex = 1; lastKnownFileType = text.xcconfig; name = "Pods-TaylorsToDos.debug.xcconfig"; path = "Target Support Files/Pods-TaylorsToDos/Pods-TaylorsToDos.debug.xcconfig"; sourceTree = "<group>"; };
		C8D96C4F9DC11BB31A619937 /* Pods-TaylorsToDosTests.release.xcconfig */ = {isa = PBXFileReference; includeInIndex = 1; lastKnownFileType = text.xcconfig; name = "Pods-TaylorsToDosTests.release.xcconfig"; path = "Target Support Files/Pods-TaylorsToDosTests/Pods-TaylorsToDosTests.release.xcconfig"; sourceTree = "<group>"; };
/* End PBXFileReference section */

/* Begin PBXFrameworksBuildPhase section */
		124FD4E6221DBFEB0096770F /* Frameworks */ = {
			isa = PBXFrameworksBuildPhase;
			buildActionMask = 2147483647;
			files = (
				AAD97DF6097A903C206C239C /* Pods_TaylorsToDos.framework in Frameworks */,
			);
			runOnlyForDeploymentPostprocessing = 0;
		};
		124FD54A221EC1700096770F /* Frameworks */ = {
			isa = PBXFrameworksBuildPhase;
			buildActionMask = 2147483647;
			files = (
				7E62E13DA884B6469D88AEFD /* Pods_TaylorsToDosTests.framework in Frameworks */,
			);
			runOnlyForDeploymentPostprocessing = 0;
		};
/* End PBXFrameworksBuildPhase section */

/* Begin PBXGroup section */
		1205F7AE2223FD0D007CB809 /* MakeNewToDo */ = {
			isa = PBXGroup;
			children = (
				1205F7AF2223FD50007CB809 /* MakeNewToDoViewController.swift */,
				1205F7B12224022C007CB809 /* MakeNewToDoViewModel.swift */,
			);
			path = MakeNewToDo;
			sourceTree = "<group>";
		};
		120BB40D2236651D00BDAAF1 /* LoadingToDos */ = {
			isa = PBXGroup;
			children = (
				120BB40E2236655300BDAAF1 /* LoadingViewController.swift */,
			);
			path = LoadingToDos;
			sourceTree = "<group>";
		};
		124FD4E0221DBFEB0096770F = {
			isa = PBXGroup;
			children = (
				124FD4EB221DBFEB0096770F /* TaylorsToDos */,
				124FD54E221EC1700096770F /* TaylorsToDosTests */,
				124FD4EA221DBFEB0096770F /* Products */,
				3CE4973AD9B71CF1569C8794 /* Pods */,
				F7B0AB5209C00EE81CA3A238 /* Frameworks */,
			);
			sourceTree = "<group>";
		};
		124FD4EA221DBFEB0096770F /* Products */ = {
			isa = PBXGroup;
			children = (
				124FD4E9221DBFEB0096770F /* TaylorsToDos.app */,
				124FD54D221EC1700096770F /* TaylorsToDosTests.xctest */,
			);
			name = Products;
			sourceTree = "<group>";
		};
		124FD4EB221DBFEB0096770F /* TaylorsToDos */ = {
			isa = PBXGroup;
			children = (
				124FD4EC221DBFEB0096770F /* AppDelegate.swift */,
				124FD55B222009230096770F /* ToDosDataBase.swift */,
				124FD55D22200F590096770F /* ToDo.swift */,
				120BB40D2236651D00BDAAF1 /* LoadingToDos */,
				124FD52A221EA57F0096770F /* ToDos */,
				1205F7AE2223FD0D007CB809 /* MakeNewToDo */,
				124FD4F0221DBFEB0096770F /* Main.storyboard */,
				124FD4F3221DBFEB0096770F /* Assets.xcassets */,
				124FD4F5221DBFEB0096770F /* LaunchScreen.storyboard */,
				124FD4F8221DBFEB0096770F /* Info.plist */,
			);
			path = TaylorsToDos;
			sourceTree = "<group>";
		};
		124FD52A221EA57F0096770F /* ToDos */ = {
			isa = PBXGroup;
			children = (
				124FD557222009080096770F /* ToDosViewController.swift */,
				124FD559222009150096770F /* ToDosViewModel.swift */,
			);
			path = ToDos;
			sourceTree = "<group>";
		};
		124FD54E221EC1700096770F /* TaylorsToDosTests */ = {
			isa = PBXGroup;
			children = (
				124FD54F221EC1700096770F /* TaylorsToDosTests.swift */,
				124FD551221EC1700096770F /* Info.plist */,
			);
			path = TaylorsToDosTests;
			sourceTree = "<group>";
		};
		3CE4973AD9B71CF1569C8794 /* Pods */ = {
			isa = PBXGroup;
			children = (
				900E067FAB552DC6FBA0AF76 /* Pods-TaylorsToDos.debug.xcconfig */,
				12011A8031BE6D8A9515A38E /* Pods-TaylorsToDos.release.xcconfig */,
				42AF7B2A255F0D117CF27E43 /* Pods-TaylorsToDosTests.debug.xcconfig */,
				C8D96C4F9DC11BB31A619937 /* Pods-TaylorsToDosTests.release.xcconfig */,
			);
			name = Pods;
			path = Pods;
			sourceTree = "<group>";
		};
		F7B0AB5209C00EE81CA3A238 /* Frameworks */ = {
			isa = PBXGroup;
			children = (
				2DC60381401D49E9153B3CD2 /* Pods_TaylorsToDos.framework */,
				07832888A5D5A635972BE417 /* Pods_TaylorsToDosTests.framework */,
			);
			name = Frameworks;
			sourceTree = "<group>";
		};
/* End PBXGroup section */

/* Begin PBXNativeTarget section */
		124FD4E8221DBFEB0096770F /* TaylorsToDos */ = {
			isa = PBXNativeTarget;
			buildConfigurationList = 124FD4FB221DBFEB0096770F /* Build configuration list for PBXNativeTarget "TaylorsToDos" */;
			buildPhases = (
				C28F8C2567085FF3EF76B15E /* [CP] Check Pods Manifest.lock */,
				124FD4E5221DBFEB0096770F /* Sources */,
				124FD4E6221DBFEB0096770F /* Frameworks */,
				124FD4E7221DBFEB0096770F /* Resources */,
				713CB1CEE5A7615C27F96689 /* [CP] Embed Pods Frameworks */,
			);
			buildRules = (
			);
			dependencies = (
			);
			name = TaylorsToDos;
			productName = TaylorsToDos;
			productReference = 124FD4E9221DBFEB0096770F /* TaylorsToDos.app */;
			productType = "com.apple.product-type.application";
		};
		124FD54C221EC1700096770F /* TaylorsToDosTests */ = {
			isa = PBXNativeTarget;
			buildConfigurationList = 124FD554221EC1700096770F /* Build configuration list for PBXNativeTarget "TaylorsToDosTests" */;
			buildPhases = (
				359B34B7D751855DF2113FEE /* [CP] Check Pods Manifest.lock */,
				124FD549221EC1700096770F /* Sources */,
				124FD54A221EC1700096770F /* Frameworks */,
				124FD54B221EC1700096770F /* Resources */,
				84580284C8E0722F50AC94F1 /* [CP] Embed Pods Frameworks */,
			);
			buildRules = (
			);
			dependencies = (
				124FD553221EC1700096770F /* PBXTargetDependency */,
			);
			name = TaylorsToDosTests;
			productName = TaylorsToDosTests;
			productReference = 124FD54D221EC1700096770F /* TaylorsToDosTests.xctest */;
			productType = "com.apple.product-type.bundle.unit-test";
		};
/* End PBXNativeTarget section */

/* Begin PBXProject section */
		124FD4E1221DBFEB0096770F /* Project object */ = {
			isa = PBXProject;
			attributes = {
				LastSwiftUpdateCheck = 1010;
				LastUpgradeCheck = 1010;
				ORGANIZATIONNAME = "Taylor Lindsay at Babbel";
				TargetAttributes = {
					124FD4E8221DBFEB0096770F = {
						CreatedOnToolsVersion = 10.1;
					};
					124FD54C221EC1700096770F = {
						CreatedOnToolsVersion = 10.1;
						TestTargetID = 124FD4E8221DBFEB0096770F;
					};
				};
			};
			buildConfigurationList = 124FD4E4221DBFEB0096770F /* Build configuration list for PBXProject "TaylorsToDos" */;
			compatibilityVersion = "Xcode 9.3";
			developmentRegion = en;
			hasScannedForEncodings = 0;
			knownRegions = (
				en,
				Base,
			);
			mainGroup = 124FD4E0221DBFEB0096770F;
			productRefGroup = 124FD4EA221DBFEB0096770F /* Products */;
			projectDirPath = "";
			projectRoot = "";
			targets = (
				124FD4E8221DBFEB0096770F /* TaylorsToDos */,
				124FD54C221EC1700096770F /* TaylorsToDosTests */,
			);
		};
/* End PBXProject section */

/* Begin PBXResourcesBuildPhase section */
		124FD4E7221DBFEB0096770F /* Resources */ = {
			isa = PBXResourcesBuildPhase;
			buildActionMask = 2147483647;
			files = (
				124FD4F7221DBFEB0096770F /* LaunchScreen.storyboard in Resources */,
				124FD4F4221DBFEB0096770F /* Assets.xcassets in Resources */,
				124FD4F2221DBFEB0096770F /* Main.storyboard in Resources */,
			);
			runOnlyForDeploymentPostprocessing = 0;
		};
		124FD54B221EC1700096770F /* Resources */ = {
			isa = PBXResourcesBuildPhase;
			buildActionMask = 2147483647;
			files = (
			);
			runOnlyForDeploymentPostprocessing = 0;
		};
/* End PBXResourcesBuildPhase section */

/* Begin PBXShellScriptBuildPhase section */
		359B34B7D751855DF2113FEE /* [CP] Check Pods Manifest.lock */ = {
			isa = PBXShellScriptBuildPhase;
			buildActionMask = 2147483647;
			files = (
			);
			inputFileListPaths = (
			);
			inputPaths = (
				"${PODS_PODFILE_DIR_PATH}/Podfile.lock",
				"${PODS_ROOT}/Manifest.lock",
			);
			name = "[CP] Check Pods Manifest.lock";
			outputFileListPaths = (
			);
			outputPaths = (
				"$(DERIVED_FILE_DIR)/Pods-TaylorsToDosTests-checkManifestLockResult.txt",
			);
			runOnlyForDeploymentPostprocessing = 0;
			shellPath = /bin/sh;
			shellScript = "diff \"${PODS_PODFILE_DIR_PATH}/Podfile.lock\" \"${PODS_ROOT}/Manifest.lock\" > /dev/null\nif [ $? != 0 ] ; then\n    # print error to STDERR\n    echo \"error: The sandbox is not in sync with the Podfile.lock. Run 'pod install' or update your CocoaPods installation.\" >&2\n    exit 1\nfi\n# This output is used by Xcode 'outputs' to avoid re-running this script phase.\necho \"SUCCESS\" > \"${SCRIPT_OUTPUT_FILE_0}\"\n";
			showEnvVarsInLog = 0;
		};
		713CB1CEE5A7615C27F96689 /* [CP] Embed Pods Frameworks */ = {
			isa = PBXShellScriptBuildPhase;
			buildActionMask = 2147483647;
			files = (
			);
			inputFileListPaths = (
			);
			inputPaths = (
				"${PODS_ROOT}/Target Support Files/Pods-TaylorsToDos/Pods-TaylorsToDos-frameworks.sh",
				"${BUILT_PRODUCTS_DIR}/RxCocoa/RxCocoa.framework",
				"${BUILT_PRODUCTS_DIR}/RxSwift/RxSwift.framework",
			);
			name = "[CP] Embed Pods Frameworks";
			outputFileListPaths = (
			);
			outputPaths = (
				"${TARGET_BUILD_DIR}/${FRAMEWORKS_FOLDER_PATH}/RxCocoa.framework",
				"${TARGET_BUILD_DIR}/${FRAMEWORKS_FOLDER_PATH}/RxSwift.framework",
			);
			runOnlyForDeploymentPostprocessing = 0;
			shellPath = /bin/sh;
			shellScript = "\"${PODS_ROOT}/Target Support Files/Pods-TaylorsToDos/Pods-TaylorsToDos-frameworks.sh\"\n";
			showEnvVarsInLog = 0;
		};
		84580284C8E0722F50AC94F1 /* [CP] Embed Pods Frameworks */ = {
			isa = PBXShellScriptBuildPhase;
			buildActionMask = 2147483647;
			files = (
			);
			inputFileListPaths = (
			);
			inputPaths = (
				"${PODS_ROOT}/Target Support Files/Pods-TaylorsToDosTests/Pods-TaylorsToDosTests-frameworks.sh",
				"${BUILT_PRODUCTS_DIR}/RxCocoa/RxCocoa.framework",
				"${BUILT_PRODUCTS_DIR}/RxSwift/RxSwift.framework",
			);
			name = "[CP] Embed Pods Frameworks";
			outputFileListPaths = (
			);
			outputPaths = (
				"${TARGET_BUILD_DIR}/${FRAMEWORKS_FOLDER_PATH}/RxCocoa.framework",
				"${TARGET_BUILD_DIR}/${FRAMEWORKS_FOLDER_PATH}/RxSwift.framework",
			);
			runOnlyForDeploymentPostprocessing = 0;
			shellPath = /bin/sh;
			shellScript = "\"${PODS_ROOT}/Target Support Files/Pods-TaylorsToDosTests/Pods-TaylorsToDosTests-frameworks.sh\"\n";
			showEnvVarsInLog = 0;
		};
		C28F8C2567085FF3EF76B15E /* [CP] Check Pods Manifest.lock */ = {
			isa = PBXShellScriptBuildPhase;
			buildActionMask = 2147483647;
			files = (
			);
			inputFileListPaths = (
			);
			inputPaths = (
				"${PODS_PODFILE_DIR_PATH}/Podfile.lock",
				"${PODS_ROOT}/Manifest.lock",
			);
			name = "[CP] Check Pods Manifest.lock";
			outputFileListPaths = (
			);
			outputPaths = (
				"$(DERIVED_FILE_DIR)/Pods-TaylorsToDos-checkManifestLockResult.txt",
			);
			runOnlyForDeploymentPostprocessing = 0;
			shellPath = /bin/sh;
			shellScript = "diff \"${PODS_PODFILE_DIR_PATH}/Podfile.lock\" \"${PODS_ROOT}/Manifest.lock\" > /dev/null\nif [ $? != 0 ] ; then\n    # print error to STDERR\n    echo \"error: The sandbox is not in sync with the Podfile.lock. Run 'pod install' or update your CocoaPods installation.\" >&2\n    exit 1\nfi\n# This output is used by Xcode 'outputs' to avoid re-running this script phase.\necho \"SUCCESS\" > \"${SCRIPT_OUTPUT_FILE_0}\"\n";
			showEnvVarsInLog = 0;
		};
/* End PBXShellScriptBuildPhase section */

/* Begin PBXSourcesBuildPhase section */
		124FD4E5221DBFEB0096770F /* Sources */ = {
			isa = PBXSourcesBuildPhase;
			buildActionMask = 2147483647;
			files = (
				124FD55A222009160096770F /* ToDosViewModel.swift in Sources */,
				124FD558222009080096770F /* ToDosViewController.swift in Sources */,
				124FD55E22200F590096770F /* ToDo.swift in Sources */,
				120BB40F2236655300BDAAF1 /* LoadingViewController.swift in Sources */,
				124FD4ED221DBFEB0096770F /* AppDelegate.swift in Sources */,
				1205F7B22224022C007CB809 /* MakeNewToDoViewModel.swift in Sources */,
				124FD55C222009230096770F /* ToDosDataBase.swift in Sources */,
				1205F7B02223FD50007CB809 /* MakeNewToDoViewController.swift in Sources */,
			);
			runOnlyForDeploymentPostprocessing = 0;
		};
		124FD549221EC1700096770F /* Sources */ = {
			isa = PBXSourcesBuildPhase;
			buildActionMask = 2147483647;
			files = (
				124FD550221EC1700096770F /* TaylorsToDosTests.swift in Sources */,
			);
			runOnlyForDeploymentPostprocessing = 0;
		};
/* End PBXSourcesBuildPhase section */

/* Begin PBXTargetDependency section */
		124FD553221EC1700096770F /* PBXTargetDependency */ = {
			isa = PBXTargetDependency;
			target = 124FD4E8221DBFEB0096770F /* TaylorsToDos */;
			targetProxy = 124FD552221EC1700096770F /* PBXContainerItemProxy */;
		};
/* End PBXTargetDependency section */

/* Begin PBXVariantGroup section */
		124FD4F0221DBFEB0096770F /* Main.storyboard */ = {
			isa = PBXVariantGroup;
			children = (
				124FD4F1221DBFEB0096770F /* Base */,
			);
			name = Main.storyboard;
			sourceTree = "<group>";
		};
		124FD4F5221DBFEB0096770F /* LaunchScreen.storyboard */ = {
			isa = PBXVariantGroup;
			children = (
				124FD4F6221DBFEB0096770F /* Base */,
			);
			name = LaunchScreen.storyboard;
			sourceTree = "<group>";
		};
/* End PBXVariantGroup section */

/* Begin XCBuildConfiguration section */
		124FD4F9221DBFEB0096770F /* Debug */ = {
			isa = XCBuildConfiguration;
			buildSettings = {
				ALWAYS_SEARCH_USER_PATHS = NO;
				CLANG_ANALYZER_NONNULL = YES;
				CLANG_ANALYZER_NUMBER_OBJECT_CONVERSION = YES_AGGRESSIVE;
				CLANG_CXX_LANGUAGE_STANDARD = "gnu++14";
				CLANG_CXX_LIBRARY = "libc++";
				CLANG_ENABLE_MODULES = YES;
				CLANG_ENABLE_OBJC_ARC = YES;
				CLANG_ENABLE_OBJC_WEAK = YES;
				CLANG_WARN_BLOCK_CAPTURE_AUTORELEASING = YES;
				CLANG_WARN_BOOL_CONVERSION = YES;
				CLANG_WARN_COMMA = YES;
				CLANG_WARN_CONSTANT_CONVERSION = YES;
				CLANG_WARN_DEPRECATED_OBJC_IMPLEMENTATIONS = YES;
				CLANG_WARN_DIRECT_OBJC_ISA_USAGE = YES_ERROR;
				CLANG_WARN_DOCUMENTATION_COMMENTS = YES;
				CLANG_WARN_EMPTY_BODY = YES;
				CLANG_WARN_ENUM_CONVERSION = YES;
				CLANG_WARN_INFINITE_RECURSION = YES;
				CLANG_WARN_INT_CONVERSION = YES;
				CLANG_WARN_NON_LITERAL_NULL_CONVERSION = YES;
				CLANG_WARN_OBJC_IMPLICIT_RETAIN_SELF = YES;
				CLANG_WARN_OBJC_LITERAL_CONVERSION = YES;
				CLANG_WARN_OBJC_ROOT_CLASS = YES_ERROR;
				CLANG_WARN_RANGE_LOOP_ANALYSIS = YES;
				CLANG_WARN_STRICT_PROTOTYPES = YES;
				CLANG_WARN_SUSPICIOUS_MOVE = YES;
				CLANG_WARN_UNGUARDED_AVAILABILITY = YES_AGGRESSIVE;
				CLANG_WARN_UNREACHABLE_CODE = YES;
				CLANG_WARN__DUPLICATE_METHOD_MATCH = YES;
				CODE_SIGN_IDENTITY = "iPhone Developer";
				COPY_PHASE_STRIP = NO;
				DEBUG_INFORMATION_FORMAT = dwarf;
				ENABLE_STRICT_OBJC_MSGSEND = YES;
				ENABLE_TESTABILITY = YES;
				GCC_C_LANGUAGE_STANDARD = gnu11;
				GCC_DYNAMIC_NO_PIC = NO;
				GCC_NO_COMMON_BLOCKS = YES;
				GCC_OPTIMIZATION_LEVEL = 0;
				GCC_PREPROCESSOR_DEFINITIONS = (
					"DEBUG=1",
					"$(inherited)",
				);
				GCC_WARN_64_TO_32_BIT_CONVERSION = YES;
				GCC_WARN_ABOUT_RETURN_TYPE = YES_ERROR;
				GCC_WARN_UNDECLARED_SELECTOR = YES;
				GCC_WARN_UNINITIALIZED_AUTOS = YES_AGGRESSIVE;
				GCC_WARN_UNUSED_FUNCTION = YES;
				GCC_WARN_UNUSED_VARIABLE = YES;
				IPHONEOS_DEPLOYMENT_TARGET = 12.1;
				MTL_ENABLE_DEBUG_INFO = INCLUDE_SOURCE;
				MTL_FAST_MATH = YES;
				ONLY_ACTIVE_ARCH = YES;
				SDKROOT = iphoneos;
				SWIFT_ACTIVE_COMPILATION_CONDITIONS = DEBUG;
				SWIFT_OPTIMIZATION_LEVEL = "-Onone";
			};
			name = Debug;
		};
		124FD4FA221DBFEB0096770F /* Release */ = {
			isa = XCBuildConfiguration;
			buildSettings = {
				ALWAYS_SEARCH_USER_PATHS = NO;
				CLANG_ANALYZER_NONNULL = YES;
				CLANG_ANALYZER_NUMBER_OBJECT_CONVERSION = YES_AGGRESSIVE;
				CLANG_CXX_LANGUAGE_STANDARD = "gnu++14";
				CLANG_CXX_LIBRARY = "libc++";
				CLANG_ENABLE_MODULES = YES;
				CLANG_ENABLE_OBJC_ARC = YES;
				CLANG_ENABLE_OBJC_WEAK = YES;
				CLANG_WARN_BLOCK_CAPTURE_AUTORELEASING = YES;
				CLANG_WARN_BOOL_CONVERSION = YES;
				CLANG_WARN_COMMA = YES;
				CLANG_WARN_CONSTANT_CONVERSION = YES;
				CLANG_WARN_DEPRECATED_OBJC_IMPLEMENTATIONS = YES;
				CLANG_WARN_DIRECT_OBJC_ISA_USAGE = YES_ERROR;
				CLANG_WARN_DOCUMENTATION_COMMENTS = YES;
				CLANG_WARN_EMPTY_BODY = YES;
				CLANG_WARN_ENUM_CONVERSION = YES;
				CLANG_WARN_INFINITE_RECURSION = YES;
				CLANG_WARN_INT_CONVERSION = YES;
				CLANG_WARN_NON_LITERAL_NULL_CONVERSION = YES;
				CLANG_WARN_OBJC_IMPLICIT_RETAIN_SELF = YES;
				CLANG_WARN_OBJC_LITERAL_CONVERSION = YES;
				CLANG_WARN_OBJC_ROOT_CLASS = YES_ERROR;
				CLANG_WARN_RANGE_LOOP_ANALYSIS = YES;
				CLANG_WARN_STRICT_PROTOTYPES = YES;
				CLANG_WARN_SUSPICIOUS_MOVE = YES;
				CLANG_WARN_UNGUARDED_AVAILABILITY = YES_AGGRESSIVE;
				CLANG_WARN_UNREACHABLE_CODE = YES;
				CLANG_WARN__DUPLICATE_METHOD_MATCH = YES;
				CODE_SIGN_IDENTITY = "iPhone Developer";
				COPY_PHASE_STRIP = NO;
				DEBUG_INFORMATION_FORMAT = "dwarf-with-dsym";
				ENABLE_NS_ASSERTIONS = NO;
				ENABLE_STRICT_OBJC_MSGSEND = YES;
				GCC_C_LANGUAGE_STANDARD = gnu11;
				GCC_NO_COMMON_BLOCKS = YES;
				GCC_WARN_64_TO_32_BIT_CONVERSION = YES;
				GCC_WARN_ABOUT_RETURN_TYPE = YES_ERROR;
				GCC_WARN_UNDECLARED_SELECTOR = YES;
				GCC_WARN_UNINITIALIZED_AUTOS = YES_AGGRESSIVE;
				GCC_WARN_UNUSED_FUNCTION = YES;
				GCC_WARN_UNUSED_VARIABLE = YES;
				IPHONEOS_DEPLOYMENT_TARGET = 12.1;
				MTL_ENABLE_DEBUG_INFO = NO;
				MTL_FAST_MATH = YES;
				SDKROOT = iphoneos;
				SWIFT_COMPILATION_MODE = wholemodule;
				SWIFT_OPTIMIZATION_LEVEL = "-O";
				VALIDATE_PRODUCT = YES;
			};
			name = Release;
		};
		124FD4FC221DBFEB0096770F /* Debug */ = {
			isa = XCBuildConfiguration;
			baseConfigurationReference = 900E067FAB552DC6FBA0AF76 /* Pods-TaylorsToDos.debug.xcconfig */;
			buildSettings = {
				ASSETCATALOG_COMPILER_APPICON_NAME = AppIcon;
				CODE_SIGN_STYLE = Manual;
				DEVELOPMENT_TEAM = 7248DZM5YC;
				INFOPLIST_FILE = TaylorsToDos/Info.plist;
				LD_RUNPATH_SEARCH_PATHS = (
					"$(inherited)",
					"@executable_path/Frameworks",
				);
				PRODUCT_BUNDLE_IDENTIFIER = com.babbel.TaylorsToDos;
				PRODUCT_NAME = "$(TARGET_NAME)";
				PROVISIONING_PROFILE_SPECIFIER = com.babbel.TaylorsToDos.development;
				SWIFT_VERSION = 4.2;
				TARGETED_DEVICE_FAMILY = "1,2";
			};
			name = Debug;
		};
		124FD4FD221DBFEB0096770F /* Release */ = {
			isa = XCBuildConfiguration;
			baseConfigurationReference = 12011A8031BE6D8A9515A38E /* Pods-TaylorsToDos.release.xcconfig */;
			buildSettings = {
				ASSETCATALOG_COMPILER_APPICON_NAME = AppIcon;
				CODE_SIGN_STYLE = Manual;
				DEVELOPMENT_TEAM = 7248DZM5YC;
				INFOPLIST_FILE = TaylorsToDos/Info.plist;
				LD_RUNPATH_SEARCH_PATHS = (
					"$(inherited)",
					"@executable_path/Frameworks",
				);
				PRODUCT_BUNDLE_IDENTIFIER = com.babbel.TaylorsToDos;
				PRODUCT_NAME = "$(TARGET_NAME)";
				PROVISIONING_PROFILE_SPECIFIER = com.babbel.TaylorsToDos.development;
				SWIFT_VERSION = 4.2;
				TARGETED_DEVICE_FAMILY = "1,2";
			};
			name = Release;
		};
		124FD555221EC1700096770F /* Debug */ = {
			isa = XCBuildConfiguration;
			baseConfigurationReference = 42AF7B2A255F0D117CF27E43 /* Pods-TaylorsToDosTests.debug.xcconfig */;
			buildSettings = {
				BUNDLE_LOADER = "$(TEST_HOST)";
				CODE_SIGN_STYLE = Automatic;
				DEVELOPMENT_TEAM = 7248DZM5YC;
				INFOPLIST_FILE = TaylorsToDosTests/Info.plist;
				LD_RUNPATH_SEARCH_PATHS = (
					"$(inherited)",
					"@executable_path/Frameworks",
					"@loader_path/Frameworks",
				);
				PRODUCT_BUNDLE_IDENTIFIER = "Taylor-Lindsay-at-Babbel.TaylorsToDosTests";
				PRODUCT_NAME = "$(TARGET_NAME)";
				SWIFT_VERSION = 4.2;
				TARGETED_DEVICE_FAMILY = "1,2";
				TEST_HOST = "$(BUILT_PRODUCTS_DIR)/TaylorsToDos.app/TaylorsToDos";
			};
			name = Debug;
		};
		124FD556221EC1700096770F /* Release */ = {
			isa = XCBuildConfiguration;
			baseConfigurationReference = C8D96C4F9DC11BB31A619937 /* Pods-TaylorsToDosTests.release.xcconfig */;
			buildSettings = {
				BUNDLE_LOADER = "$(TEST_HOST)";
				CODE_SIGN_STYLE = Automatic;
				DEVELOPMENT_TEAM = 7248DZM5YC;
				INFOPLIST_FILE = TaylorsToDosTests/Info.plist;
				LD_RUNPATH_SEARCH_PATHS = (
					"$(inherited)",
					"@executable_path/Frameworks",
					"@loader_path/Frameworks",
				);
				PRODUCT_BUNDLE_IDENTIFIER = "Taylor-Lindsay-at-Babbel.TaylorsToDosTests";
				PRODUCT_NAME = "$(TARGET_NAME)";
				SWIFT_VERSION = 4.2;
				TARGETED_DEVICE_FAMILY = "1,2";
				TEST_HOST = "$(BUILT_PRODUCTS_DIR)/TaylorsToDos.app/TaylorsToDos";
			};
			name = Release;
		};
/* End XCBuildConfiguration section */

/* Begin XCConfigurationList section */
		124FD4E4221DBFEB0096770F /* Build configuration list for PBXProject "TaylorsToDos" */ = {
			isa = XCConfigurationList;
			buildConfigurations = (
				124FD4F9221DBFEB0096770F /* Debug */,
				124FD4FA221DBFEB0096770F /* Release */,
			);
			defaultConfigurationIsVisible = 0;
			defaultConfigurationName = Release;
		};
		124FD4FB221DBFEB0096770F /* Build configuration list for PBXNativeTarget "TaylorsToDos" */ = {
			isa = XCConfigurationList;
			buildConfigurations = (
				124FD4FC221DBFEB0096770F /* Debug */,
				124FD4FD221DBFEB0096770F /* Release */,
			);
			defaultConfigurationIsVisible = 0;
			defaultConfigurationName = Release;
		};
		124FD554221EC1700096770F /* Build configuration list for PBXNativeTarget "TaylorsToDosTests" */ = {
			isa = XCConfigurationList;
			buildConfigurations = (
				124FD555221EC1700096770F /* Debug */,
				124FD556221EC1700096770F /* Release */,
			);
			defaultConfigurationIsVisible = 0;
			defaultConfigurationName = Release;
		};
/* End XCConfigurationList section */
	};
	rootObject = 124FD4E1221DBFEB0096770F /* Project object */;
}
